// !$*UTF8*$!
{
	archiveVersion = 1;
	classes = {
	};
	objectVersion = 50;
	objects = {

/* Begin PBXBuildFile section */
		A44B18207134E41AACFF3D1A /* Pods_WhereAmI.framework in Frameworks */ = {isa = PBXBuildFile; fileRef = 9B10FC2A53188598A37E7106 /* Pods_WhereAmI.framework */; };
		F9078504217543B50089D4EB /* AppDelegate.swift in Sources */ = {isa = PBXBuildFile; fileRef = F9078503217543B50089D4EB /* AppDelegate.swift */; };
		F9078506217543B50089D4EB /* ViewController.swift in Sources */ = {isa = PBXBuildFile; fileRef = F9078505217543B50089D4EB /* ViewController.swift */; };
		F9078509217543B50089D4EB /* Main.storyboard in Resources */ = {isa = PBXBuildFile; fileRef = F9078507217543B50089D4EB /* Main.storyboard */; };
		F907850B217543B80089D4EB /* Assets.xcassets in Resources */ = {isa = PBXBuildFile; fileRef = F907850A217543B80089D4EB /* Assets.xcassets */; };
		F907850E217543B80089D4EB /* LaunchScreen.storyboard in Resources */ = {isa = PBXBuildFile; fileRef = F907850C217543B80089D4EB /* LaunchScreen.storyboard */; };
		F90785172175477D0089D4EB /* MapKit.framework in Frameworks */ = {isa = PBXBuildFile; fileRef = F90785162175477D0089D4EB /* MapKit.framework */; };
/* End PBXBuildFile section */

/* Begin PBXFileReference section */
		9B10FC2A53188598A37E7106 /* Pods_WhereAmI.framework */ = {isa = PBXFileReference; explicitFileType = wrapper.framework; includeInIndex = 0; path = Pods_WhereAmI.framework; sourceTree = BUILT_PRODUCTS_DIR; };
		BC4923FA55D0FAADC3EFC2BB /* Pods-WhereAmI.release.xcconfig */ = {isa = PBXFileReference; includeInIndex = 1; lastKnownFileType = text.xcconfig; name = "Pods-WhereAmI.release.xcconfig"; path = "Pods/Target Support Files/Pods-WhereAmI/Pods-WhereAmI.release.xcconfig"; sourceTree = "<group>"; };
		C2A7D01536472F0FB55D6EB5 /* Pods-WhereAmI.debug.xcconfig */ = {isa = PBXFileReference; includeInIndex = 1; lastKnownFileType = text.xcconfig; name = "Pods-WhereAmI.debug.xcconfig"; path = "Pods/Target Support Files/Pods-WhereAmI/Pods-WhereAmI.debug.xcconfig"; sourceTree = "<group>"; };
		F9078500217543B50089D4EB /* WhereAmIGoogleMaps.app */ = {isa = PBXFileReference; explicitFileType = wrapper.application; includeInIndex = 0; path = WhereAmIGoogleMaps.app; sourceTree = BUILT_PRODUCTS_DIR; };
		F9078503217543B50089D4EB /* AppDelegate.swift */ = {isa = PBXFileReference; lastKnownFileType = sourcecode.swift; path = AppDelegate.swift; sourceTree = "<group>"; };
		F9078505217543B50089D4EB /* ViewController.swift */ = {isa = PBXFileReference; lastKnownFileType = sourcecode.swift; path = ViewController.swift; sourceTree = "<group>"; };
		F9078508217543B50089D4EB /* Base */ = {isa = PBXFileReference; lastKnownFileType = file.storyboard; name = Base; path = Base.lproj/Main.storyboard; sourceTree = "<group>"; };
		F907850A217543B80089D4EB /* Assets.xcassets */ = {isa = PBXFileReference; lastKnownFileType = folder.assetcatalog; path = Assets.xcassets; sourceTree = "<group>"; };
		F907850D217543B80089D4EB /* Base */ = {isa = PBXFileReference; lastKnownFileType = file.storyboard; name = Base; path = Base.lproj/LaunchScreen.storyboard; sourceTree = "<group>"; };
		F907850F217543B80089D4EB /* Info.plist */ = {isa = PBXFileReference; lastKnownFileType = text.plist.xml; path = Info.plist; sourceTree = "<group>"; };
		F90785162175477D0089D4EB /* MapKit.framework */ = {isa = PBXFileReference; lastKnownFileType = wrapper.framework; name = MapKit.framework; path = System/Library/Frameworks/MapKit.framework; sourceTree = SDKROOT; };
/* End PBXFileReference section */

/* Begin PBXFrameworksBuildPhase section */
		F90784FD217543B50089D4EB /* Frameworks */ = {
			isa = PBXFrameworksBuildPhase;
			buildActionMask = 2147483647;
			files = (
				F90785172175477D0089D4EB /* MapKit.framework in Frameworks */,
				A44B18207134E41AACFF3D1A /* Pods_WhereAmI.framework in Frameworks */,
			);
			runOnlyForDeploymentPostprocessing = 0;
		};
/* End PBXFrameworksBuildPhase section */

/* Begin PBXGroup section */
		D25AFC189E3B56CB351CE7FB /* Pods */ = {
			isa = PBXGroup;
			children = (
				C2A7D01536472F0FB55D6EB5 /* Pods-WhereAmI.debug.xcconfig */,
				BC4923FA55D0FAADC3EFC2BB /* Pods-WhereAmI.release.xcconfig */,
			);
			name = Pods;
			sourceTree = "<group>";
		};
		F90784F7217543B50089D4EB = {
			isa = PBXGroup;
			children = (
				F9078502217543B50089D4EB /* WhereAmIGoogleMaps */,
				F9078501217543B50089D4EB /* Products */,
				F90785152175477D0089D4EB /* Frameworks */,
				D25AFC189E3B56CB351CE7FB /* Pods */,
			);
			sourceTree = "<group>";
		};
		F9078501217543B50089D4EB /* Products */ = {
			isa = PBXGroup;
			children = (
				F9078500217543B50089D4EB /* WhereAmIGoogleMaps.app */,
			);
			name = Products;
			sourceTree = "<group>";
		};
		F9078502217543B50089D4EB /* WhereAmIGoogleMaps */ = {
			isa = PBXGroup;
			children = (
				F9078503217543B50089D4EB /* AppDelegate.swift */,
				F9078505217543B50089D4EB /* ViewController.swift */,
				F9078507217543B50089D4EB /* Main.storyboard */,
				F907850A217543B80089D4EB /* Assets.xcassets */,
				F907850C217543B80089D4EB /* LaunchScreen.storyboard */,
				F907850F217543B80089D4EB /* Info.plist */,
			);
			path = WhereAmIGoogleMaps;
			sourceTree = "<group>";
		};
		F90785152175477D0089D4EB /* Frameworks */ = {
			isa = PBXGroup;
			children = (
				F90785162175477D0089D4EB /* MapKit.framework */,
				9B10FC2A53188598A37E7106 /* Pods_WhereAmI.framework */,
			);
			name = Frameworks;
			sourceTree = "<group>";
		};
/* End PBXGroup section */

/* Begin PBXNativeTarget section */
		F90784FF217543B50089D4EB /* WhereAmIGoogleMaps */ = {
			isa = PBXNativeTarget;
			buildConfigurationList = F9078512217543B80089D4EB /* Build configuration list for PBXNativeTarget "WhereAmIGoogleMaps" */;
			buildPhases = (
				EA2679FFC09DD1E58EFF2B85 /* [CP] Check Pods Manifest.lock */,
				F90784FC217543B50089D4EB /* Sources */,
				F90784FD217543B50089D4EB /* Frameworks */,
				F90784FE217543B50089D4EB /* Resources */,
				EA652BB1E1A96ADF56B48347 /* [CP] Copy Pods Resources */,
			);
			buildRules = (
			);
			dependencies = (
			);
			name = WhereAmIGoogleMaps;
			productName = WhereAmI;
			productReference = F9078500217543B50089D4EB /* WhereAmIGoogleMaps.app */;
			productType = "com.apple.product-type.application";
		};
/* End PBXNativeTarget section */

/* Begin PBXProject section */
		F90784F8217543B50089D4EB /* Project object */ = {
			isa = PBXProject;
			attributes = {
				LastSwiftUpdateCheck = 1000;
				LastUpgradeCheck = 1000;
				ORGANIZATIONNAME = "Vayunandan reddy Kunduru";
				TargetAttributes = {
					F90784FF217543B50089D4EB = {
						CreatedOnToolsVersion = 10.0;
					};
				};
			};
			buildConfigurationList = F90784FB217543B50089D4EB /* Build configuration list for PBXProject "WhereAmIGoogleMaps" */;
			compatibilityVersion = "Xcode 9.3";
			developmentRegion = en;
			hasScannedForEncodings = 0;
			knownRegions = (
				en,
				Base,
			);
			mainGroup = F90784F7217543B50089D4EB;
			productRefGroup = F9078501217543B50089D4EB /* Products */;
			projectDirPath = "";
			projectRoot = "";
			targets = (
				F90784FF217543B50089D4EB /* WhereAmIGoogleMaps */,
			);
		};
/* End PBXProject section */

/* Begin PBXResourcesBuildPhase section */
		F90784FE217543B50089D4EB /* Resources */ = {
			isa = PBXResourcesBuildPhase;
			buildActionMask = 2147483647;
			files = (
				F907850E217543B80089D4EB /* LaunchScreen.storyboard in Resources */,
				F907850B217543B80089D4EB /* Assets.xcassets in Resources */,
				F9078509217543B50089D4EB /* Main.storyboard in Resources */,
			);
			runOnlyForDeploymentPostprocessing = 0;
		};
/* End PBXResourcesBuildPhase section */

/* Begin PBXShellScriptBuildPhase section */
		EA2679FFC09DD1E58EFF2B85 /* [CP] Check Pods Manifest.lock */ = {
			isa = PBXShellScriptBuildPhase;
			buildActionMask = 2147483647;
			files = (
			);
			inputFileListPaths = (
			);
			inputPaths = (
				"${PODS_PODFILE_DIR_PATH}/Podfile.lock",
				"${PODS_ROOT}/Manifest.lock",
			);
			name = "[CP] Check Pods Manifest.lock";
			outputFileListPaths = (
			);
			outputPaths = (
				"$(DERIVED_FILE_DIR)/Pods-WhereAmI-checkManifestLockResult.txt",
			);
			runOnlyForDeploymentPostprocessing = 0;
			shellPath = /bin/sh;
			shellScript = "diff \"${PODS_PODFILE_DIR_PATH}/Podfile.lock\" \"${PODS_ROOT}/Manifest.lock\" > /dev/null\nif [ $? != 0 ] ; then\n    # print error to STDERR\n    echo \"error: The sandbox is not in sync with the Podfile.lock. Run 'pod install' or update your CocoaPods installation.\" >&2\n    exit 1\nfi\n# This output is used by Xcode 'outputs' to avoid re-running this script phase.\necho \"SUCCESS\" > \"${SCRIPT_OUTPUT_FILE_0}\"\n";
			showEnvVarsInLog = 0;
		};
		EA652BB1E1A96ADF56B48347 /* [CP] Copy Pods Resources */ = {
			isa = PBXShellScriptBuildPhase;
			buildActionMask = 2147483647;
			files = (
			);
			inputFileListPaths = (
			);
			inputPaths = (
				"${SRCROOT}/Pods/Target Support Files/Pods-WhereAmI/Pods-WhereAmI-resources.sh",
				"${PODS_ROOT}/GoogleMaps/Maps/Frameworks/GoogleMaps.framework/Resources/GoogleMaps.bundle",
				"${PODS_ROOT}/GooglePlaces/Frameworks/GooglePlaces.framework/Resources/GooglePlaces.bundle",
			);
			name = "[CP] Copy Pods Resources";
			outputFileListPaths = (
			);
			outputPaths = (
				"${TARGET_BUILD_DIR}/${UNLOCALIZED_RESOURCES_FOLDER_PATH}/GoogleMaps.bundle",
				"${TARGET_BUILD_DIR}/${UNLOCALIZED_RESOURCES_FOLDER_PATH}/GooglePlaces.bundle",
			);
			runOnlyForDeploymentPostprocessing = 0;
			shellPath = /bin/sh;
			shellScript = "\"${SRCROOT}/Pods/Target Support Files/Pods-WhereAmI/Pods-WhereAmI-resources.sh\"\n";
			showEnvVarsInLog = 0;
		};
/* End PBXShellScriptBuildPhase section */

/* Begin PBXSourcesBuildPhase section */
		F90784FC217543B50089D4EB /* Sources */ = {
			isa = PBXSourcesBuildPhase;
			buildActionMask = 2147483647;
			files = (
				F9078506217543B50089D4EB /* ViewController.swift in Sources */,
				F9078504217543B50089D4EB /* AppDelegate.swift in Sources */,
			);
			runOnlyForDeploymentPostprocessing = 0;
		};
/* End PBXSourcesBuildPhase section */

/* Begin PBXVariantGroup section */
		F9078507217543B50089D4EB /* Main.storyboard */ = {
			isa = PBXVariantGroup;
			children = (
				F9078508217543B50089D4EB /* Base */,
			);
			name = Main.storyboard;
			sourceTree = "<group>";
		};
		F907850C217543B80089D4EB /* LaunchScreen.storyboard */ = {
			isa = PBXVariantGroup;
			children = (
				F907850D217543B80089D4EB /* Base */,
			);
			name = LaunchScreen.storyboard;
			sourceTree = "<group>";
		};
/* End PBXVariantGroup section */

/* Begin XCBuildConfiguration section */
		F9078510217543B80089D4EB /* Debug */ = {
			isa = XCBuildConfiguration;
			buildSettings = {
				ALWAYS_SEARCH_USER_PATHS = NO;
				CLANG_ANALYZER_NONNULL = YES;
				CLANG_ANALYZER_NUMBER_OBJECT_CONVERSION = YES_AGGRESSIVE;
				CLANG_CXX_LANGUAGE_STANDARD = "gnu++14";
				CLANG_CXX_LIBRARY = "libc++";
				CLANG_ENABLE_MODULES = YES;
				CLANG_ENABLE_OBJC_ARC = YES;
				CLANG_ENABLE_OBJC_WEAK = YES;
				CLANG_WARN_BLOCK_CAPTURE_AUTORELEASING = YES;
				CLANG_WARN_BOOL_CONVERSION = YES;
				CLANG_WARN_COMMA = YES;
				CLANG_WARN_CONSTANT_CONVERSION = YES;
				CLANG_WARN_DEPRECATED_OBJC_IMPLEMENTATIONS = YES;
				CLANG_WARN_DIRECT_OBJC_ISA_USAGE = YES_ERROR;
				CLANG_WARN_DOCUMENTATION_COMMENTS = YES;
				CLANG_WARN_EMPTY_BODY = YES;
				CLANG_WARN_ENUM_CONVERSION = YES;
				CLANG_WARN_INFINITE_RECURSION = YES;
				CLANG_WARN_INT_CONVERSION = YES;
				CLANG_WARN_NON_LITERAL_NULL_CONVERSION = YES;
				CLANG_WARN_OBJC_IMPLICIT_RETAIN_SELF = YES;
				CLANG_WARN_OBJC_LITERAL_CONVERSION = YES;
				CLANG_WARN_OBJC_ROOT_CLASS = YES_ERROR;
				CLANG_WARN_RANGE_LOOP_ANALYSIS = YES;
				CLANG_WARN_STRICT_PROTOTYPES = YES;
				CLANG_WARN_SUSPICIOUS_MOVE = YES;
				CLANG_WARN_UNGUARDED_AVAILABILITY = YES_AGGRESSIVE;
				CLANG_WARN_UNREACHABLE_CODE = YES;
				CLANG_WARN__DUPLICATE_METHOD_MATCH = YES;
				CODE_SIGN_IDENTITY = "iPhone Developer";
				COPY_PHASE_STRIP = NO;
				DEBUG_INFORMATION_FORMAT = dwarf;
				ENABLE_STRICT_OBJC_MSGSEND = YES;
				ENABLE_TESTABILITY = YES;
				GCC_C_LANGUAGE_STANDARD = gnu11;
				GCC_DYNAMIC_NO_PIC = NO;
				GCC_NO_COMMON_BLOCKS = YES;
				GCC_OPTIMIZATION_LEVEL = 0;
				GCC_PREPROCESSOR_DEFINITIONS = (
					"DEBUG=1",
					"$(inherited)",
				);
				GCC_WARN_64_TO_32_BIT_CONVERSION = YES;
				GCC_WARN_ABOUT_RETURN_TYPE = YES_ERROR;
				GCC_WARN_UNDECLARED_SELECTOR = YES;
				GCC_WARN_UNINITIALIZED_AUTOS = YES_AGGRESSIVE;
				GCC_WARN_UNUSED_FUNCTION = YES;
				GCC_WARN_UNUSED_VARIABLE = YES;
				IPHONEOS_DEPLOYMENT_TARGET = 12.0;
				MTL_ENABLE_DEBUG_INFO = INCLUDE_SOURCE;
				MTL_FAST_MATH = YES;
				ONLY_ACTIVE_ARCH = YES;
				SDKROOT = iphoneos;
				SWIFT_ACTIVE_COMPILATION_CONDITIONS = DEBUG;
				SWIFT_OPTIMIZATION_LEVEL = "-Onone";
			};
			name = Debug;
		};
		F9078511217543B80089D4EB /* Release */ = {
			isa = XCBuildConfiguration;
			buildSettings = {
				ALWAYS_SEARCH_USER_PATHS = NO;
				CLANG_ANALYZER_NONNULL = YES;
				CLANG_ANALYZER_NUMBER_OBJECT_CONVERSION = YES_AGGRESSIVE;
				CLANG_CXX_LANGUAGE_STANDARD = "gnu++14";
				CLANG_CXX_LIBRARY = "libc++";
				CLANG_ENABLE_MODULES = YES;
				CLANG_ENABLE_OBJC_ARC = YES;
				CLANG_ENABLE_OBJC_WEAK = YES;
				CLANG_WARN_BLOCK_CAPTURE_AUTORELEASING = YES;
				CLANG_WARN_BOOL_CONVERSION = YES;
				CLANG_WARN_COMMA = YES;
				CLANG_WARN_CONSTANT_CONVERSION = YES;
				CLANG_WARN_DEPRECATED_OBJC_IMPLEMENTATIONS = YES;
				CLANG_WARN_DIRECT_OBJC_ISA_USAGE = YES_ERROR;
				CLANG_WARN_DOCUMENTATION_COMMENTS = YES;
				CLANG_WARN_EMPTY_BODY = YES;
				CLANG_WARN_ENUM_CONVERSION = YES;
				CLANG_WARN_INFINITE_RECURSION = YES;
				CLANG_WARN_INT_CONVERSION = YES;
				CLANG_WARN_NON_LITERAL_NULL_CONVERSION = YES;
				CLANG_WARN_OBJC_IMPLICIT_RETAIN_SELF = YES;
				CLANG_WARN_OBJC_LITERAL_CONVERSION = YES;
				CLANG_WARN_OBJC_ROOT_CLASS = YES_ERROR;
				CLANG_WARN_RANGE_LOOP_ANALYSIS = YES;
				CLANG_WARN_STRICT_PROTOTYPES = YES;
				CLANG_WARN_SUSPICIOUS_MOVE = YES;
				CLANG_WARN_UNGUARDED_AVAILABILITY = YES_AGGRESSIVE;
				CLANG_WARN_UNREACHABLE_CODE = YES;
				CLANG_WARN__DUPLICATE_METHOD_MATCH = YES;
				CODE_SIGN_IDENTITY = "iPhone Developer";
				COPY_PHASE_STRIP = NO;
				DEBUG_INFORMATION_FORMAT = "dwarf-with-dsym";
				ENABLE_NS_ASSERTIONS = NO;
				ENABLE_STRICT_OBJC_MSGSEND = YES;
				GCC_C_LANGUAGE_STANDARD = gnu11;
				GCC_NO_COMMON_BLOCKS = YES;
				GCC_WARN_64_TO_32_BIT_CONVERSION = YES;
				GCC_WARN_ABOUT_RETURN_TYPE = YES_ERROR;
				GCC_WARN_UNDECLARED_SELECTOR = YES;
				GCC_WARN_UNINITIALIZED_AUTOS = YES_AGGRESSIVE;
				GCC_WARN_UNUSED_FUNCTION = YES;
				GCC_WARN_UNUSED_VARIABLE = YES;
				IPHONEOS_DEPLOYMENT_TARGET = 12.0;
				MTL_ENABLE_DEBUG_INFO = NO;
				MTL_FAST_MATH = YES;
				SDKROOT = iphoneos;
				SWIFT_COMPILATION_MODE = wholemodule;
				SWIFT_OPTIMIZATION_LEVEL = "-O";
				VALIDATE_PRODUCT = YES;
			};
			name = Release;
		};
		F9078513217543B80089D4EB /* Debug */ = {
			isa = XCBuildConfiguration;
			baseConfigurationReference = C2A7D01536472F0FB55D6EB5 /* Pods-WhereAmI.debug.xcconfig */;
			buildSettings = {
				ASSETCATALOG_COMPILER_APPICON_NAME = AppIcon;
				CODE_SIGN_STYLE = Automatic;
				DEVELOPMENT_TEAM = A9K3U7VVGY;
				INFOPLIST_FILE = WhereAmI/Info.plist;
				LD_RUNPATH_SEARCH_PATHS = (
					"$(inherited)",
					"@executable_path/Frameworks",
				);
				PRODUCT_BUNDLE_IDENTIFIER = com.vreddy.WhereAmIGoogleMaps;
				PRODUCT_NAME = "$(TARGET_NAME)";
				SWIFT_VERSION = 4.2;
				TARGETED_DEVICE_FAMILY = "1,2";
			};
			name = Debug;
		};
		F9078514217543B80089D4EB /* Release */ = {
			isa = XCBuildConfiguration;
			baseConfigurationReference = BC4923FA55D0FAADC3EFC2BB /* Pods-WhereAmI.release.xcconfig */;
			buildSettings = {
				ASSETCATALOG_COMPILER_APPICON_NAME = AppIcon;
				CODE_SIGN_STYLE = Automatic;
				DEVELOPMENT_TEAM = A9K3U7VVGY;
				INFOPLIST_FILE = WhereAmI/Info.plist;
				LD_RUNPATH_SEARCH_PATHS = (
					"$(inherited)",
					"@executable_path/Frameworks",
				);
				PRODUCT_BUNDLE_IDENTIFIER = com.vreddy.WhereAmIGoogleMaps;
				PRODUCT_NAME = "$(TARGET_NAME)";
				SWIFT_VERSION = 4.2;
				TARGETED_DEVICE_FAMILY = "1,2";
			};
			name = Release;
		};
/* End XCBuildConfiguration section */

/* Begin XCConfigurationList section */
		F90784FB217543B50089D4EB /* Build configuration list for PBXProject "WhereAmIGoogleMaps" */ = {
			isa = XCConfigurationList;
			buildConfigurations = (
				F9078510217543B80089D4EB /* Debug */,
				F9078511217543B80089D4EB /* Release */,
			);
			defaultConfigurationIsVisible = 0;
			defaultConfigurationName = Release;
		};
		F9078512217543B80089D4EB /* Build configuration list for PBXNativeTarget "WhereAmIGoogleMaps" */ = {
			isa = XCConfigurationList;
			buildConfigurations = (
				F9078513217543B80089D4EB /* Debug */,
				F9078514217543B80089D4EB /* Release */,
			);
			defaultConfigurationIsVisible = 0;
			defaultConfigurationName = Release;
		};
/* End XCConfigurationList section */
	};
	rootObject = F90784F8217543B50089D4EB /* Project object */;
}
